// !$*UTF8*$!
{
	archiveVersion = 1;
	classes = {
	};
	objectVersion = 50;
	objects = {

/* Begin PBXBuildFile section */
		C2B9A32E25BB44800034DEAB /* myAppApp.swift in Sources */ = {isa = PBXBuildFile; fileRef = C2B9A32D25BB44800034DEAB /* myAppApp.swift */; };
		C2B9A33025BB44800034DEAB /* ContentView.swift in Sources */ = {isa = PBXBuildFile; fileRef = C2B9A32F25BB44800034DEAB /* ContentView.swift */; };
		C2B9A33225BB44810034DEAB /* Assets.xcassets in Resources */ = {isa = PBXBuildFile; fileRef = C2B9A33125BB44810034DEAB /* Assets.xcassets */; };
		C2B9A33525BB44810034DEAB /* Preview Assets.xcassets in Resources */ = {isa = PBXBuildFile; fileRef = C2B9A33425BB44810034DEAB /* Preview Assets.xcassets */; };
		C2B9A34025BB44810034DEAB /* myAppTests.swift in Sources */ = {isa = PBXBuildFile; fileRef = C2B9A33F25BB44810034DEAB /* myAppTests.swift */; };
		C2B9A34B25BB44810034DEAB /* myAppUITests.swift in Sources */ = {isa = PBXBuildFile; fileRef = C2B9A34A25BB44810034DEAB /* myAppUITests.swift */; };
/* End PBXBuildFile section */

/* Begin PBXContainerItemProxy section */
		C2B9A33C25BB44810034DEAB /* PBXContainerItemProxy */ = {
			isa = PBXContainerItemProxy;
			containerPortal = C2B9A32225BB44800034DEAB /* Project object */;
			proxyType = 1;
			remoteGlobalIDString = C2B9A32925BB44800034DEAB;
			remoteInfo = myApp;
		};
		C2B9A34725BB44810034DEAB /* PBXContainerItemProxy */ = {
			isa = PBXContainerItemProxy;
			containerPortal = C2B9A32225BB44800034DEAB /* Project object */;
			proxyType = 1;
			remoteGlobalIDString = C2B9A32925BB44800034DEAB;
			remoteInfo = myApp;
		};
/* End PBXContainerItemProxy section */

/* Begin PBXFileReference section */
		C2B9A32A25BB44800034DEAB /* myApp.app */ = {isa = PBXFileReference; explicitFileType = wrapper.application; includeInIndex = 0; path = myApp.app; sourceTree = BUILT_PRODUCTS_DIR; };
		C2B9A32D25BB44800034DEAB /* myAppApp.swift */ = {isa = PBXFileReference; lastKnownFileType = sourcecode.swift; path = myAppApp.swift; sourceTree = "<group>"; };
		C2B9A32F25BB44800034DEAB /* ContentView.swift */ = {isa = PBXFileReference; lastKnownFileType = sourcecode.swift; path = ContentView.swift; sourceTree = "<group>"; };
		C2B9A33125BB44810034DEAB /* Assets.xcassets */ = {isa = PBXFileReference; lastKnownFileType = folder.assetcatalog; path = Assets.xcassets; sourceTree = "<group>"; };
		C2B9A33425BB44810034DEAB /* Preview Assets.xcassets */ = {isa = PBXFileReference; lastKnownFileType = folder.assetcatalog; path = "Preview Assets.xcassets"; sourceTree = "<group>"; };
		C2B9A33625BB44810034DEAB /* Info.plist */ = {isa = PBXFileReference; lastKnownFileType = text.plist.xml; path = Info.plist; sourceTree = "<group>"; };
		C2B9A33B25BB44810034DEAB /* myAppTests.xctest */ = {isa = PBXFileReference; explicitFileType = wrapper.cfbundle; includeInIndex = 0; path = myAppTests.xctest; sourceTree = BUILT_PRODUCTS_DIR; };
		C2B9A33F25BB44810034DEAB /* myAppTests.swift */ = {isa = PBXFileReference; lastKnownFileType = sourcecode.swift; path = myAppTests.swift; sourceTree = "<group>"; };
		C2B9A34125BB44810034DEAB /* Info.plist */ = {isa = PBXFileReference; lastKnownFileType = text.plist.xml; path = Info.plist; sourceTree = "<group>"; };
		C2B9A34625BB44810034DEAB /* myAppUITests.xctest */ = {isa = PBXFileReference; explicitFileType = wrapper.cfbundle; includeInIndex = 0; path = myAppUITests.xctest; sourceTree = BUILT_PRODUCTS_DIR; };
		C2B9A34A25BB44810034DEAB /* myAppUITests.swift */ = {isa = PBXFileReference; lastKnownFileType = sourcecode.swift; path = myAppUITests.swift; sourceTree = "<group>"; };
		C2B9A34C25BB44810034DEAB /* Info.plist */ = {isa = PBXFileReference; lastKnownFileType = text.plist.xml; path = Info.plist; sourceTree = "<group>"; };
/* End PBXFileReference section */

/* Begin PBXFrameworksBuildPhase section */
		C2B9A32725BB44800034DEAB /* Frameworks */ = {
			isa = PBXFrameworksBuildPhase;
			buildActionMask = 2147483647;
			files = (
			);
			runOnlyForDeploymentPostprocessing = 0;
		};
		C2B9A33825BB44810034DEAB /* Frameworks */ = {
			isa = PBXFrameworksBuildPhase;
			buildActionMask = 2147483647;
			files = (
			);
			runOnlyForDeploymentPostprocessing = 0;
		};
		C2B9A34325BB44810034DEAB /* Frameworks */ = {
			isa = PBXFrameworksBuildPhase;
			buildActionMask = 2147483647;
			files = (
			);
			runOnlyForDeploymentPostprocessing = 0;
		};
/* End PBXFrameworksBuildPhase section */

/* Begin PBXGroup section */
		C2B9A32125BB44800034DEAB = {
			isa = PBXGroup;
			children = (
				C2B9A32C25BB44800034DEAB /* myApp */,
				C2B9A33E25BB44810034DEAB /* myAppTests */,
				C2B9A34925BB44810034DEAB /* myAppUITests */,
				C2B9A32B25BB44800034DEAB /* Products */,
			);
			sourceTree = "<group>";
		};
		C2B9A32B25BB44800034DEAB /* Products */ = {
			isa = PBXGroup;
			children = (
				C2B9A32A25BB44800034DEAB /* myApp.app */,
				C2B9A33B25BB44810034DEAB /* myAppTests.xctest */,
				C2B9A34625BB44810034DEAB /* myAppUITests.xctest */,
			);
			name = Products;
			sourceTree = "<group>";
		};
		C2B9A32C25BB44800034DEAB /* myApp */ = {
			isa = PBXGroup;
			children = (
				C2B9A32D25BB44800034DEAB /* myAppApp.swift */,
				C2B9A32F25BB44800034DEAB /* ContentView.swift */,
				C2B9A33125BB44810034DEAB /* Assets.xcassets */,
				C2B9A33625BB44810034DEAB /* Info.plist */,
				C2B9A33325BB44810034DEAB /* Preview Content */,
			);
			path = myApp;
			sourceTree = "<group>";
		};
		C2B9A33325BB44810034DEAB /* Preview Content */ = {
			isa = PBXGroup;
			children = (
				C2B9A33425BB44810034DEAB /* Preview Assets.xcassets */,
			);
			path = "Preview Content";
			sourceTree = "<group>";
		};
		C2B9A33E25BB44810034DEAB /* myAppTests */ = {
			isa = PBXGroup;
			children = (
				C2B9A33F25BB44810034DEAB /* myAppTests.swift */,
				C2B9A34125BB44810034DEAB /* Info.plist */,
			);
			path = myAppTests;
			sourceTree = "<group>";
		};
		C2B9A34925BB44810034DEAB /* myAppUITests */ = {
			isa = PBXGroup;
			children = (
				C2B9A34A25BB44810034DEAB /* myAppUITests.swift */,
				C2B9A34C25BB44810034DEAB /* Info.plist */,
			);
			path = myAppUITests;
			sourceTree = "<group>";
		};
/* End PBXGroup section */

/* Begin PBXNativeTarget section */
		C2B9A32925BB44800034DEAB /* myApp */ = {
			isa = PBXNativeTarget;
			buildConfigurationList = C2B9A34F25BB44810034DEAB /* Build configuration list for PBXNativeTarget "myApp" */;
			buildPhases = (
				C2B9A32625BB44800034DEAB /* Sources */,
				C2B9A32725BB44800034DEAB /* Frameworks */,
				C2B9A32825BB44800034DEAB /* Resources */,
			);
			buildRules = (
			);
			dependencies = (
			);
			name = myApp;
			productName = myApp;
			productReference = C2B9A32A25BB44800034DEAB /* myApp.app */;
			productType = "com.apple.product-type.application";
		};
		C2B9A33A25BB44810034DEAB /* myAppTests */ = {
			isa = PBXNativeTarget;
			buildConfigurationList = C2B9A35225BB44810034DEAB /* Build configuration list for PBXNativeTarget "myAppTests" */;
			buildPhases = (
				C2B9A33725BB44810034DEAB /* Sources */,
				C2B9A33825BB44810034DEAB /* Frameworks */,
				C2B9A33925BB44810034DEAB /* Resources */,
			);
			buildRules = (
			);
			dependencies = (
				C2B9A33D25BB44810034DEAB /* PBXTargetDependency */,
			);
			name = myAppTests;
			productName = myAppTests;
			productReference = C2B9A33B25BB44810034DEAB /* myAppTests.xctest */;
			productType = "com.apple.product-type.bundle.unit-test";
		};
		C2B9A34525BB44810034DEAB /* myAppUITests */ = {
			isa = PBXNativeTarget;
			buildConfigurationList = C2B9A35525BB44810034DEAB /* Build configuration list for PBXNativeTarget "myAppUITests" */;
			buildPhases = (
				C2B9A34225BB44810034DEAB /* Sources */,
				C2B9A34325BB44810034DEAB /* Frameworks */,
				C2B9A34425BB44810034DEAB /* Resources */,
			);
			buildRules = (
			);
			dependencies = (
				C2B9A34825BB44810034DEAB /* PBXTargetDependency */,
			);
			name = myAppUITests;
			productName = myAppUITests;
			productReference = C2B9A34625BB44810034DEAB /* myAppUITests.xctest */;
			productType = "com.apple.product-type.bundle.ui-testing";
		};
/* End PBXNativeTarget section */

/* Begin PBXProject section */
		C2B9A32225BB44800034DEAB /* Project object */ = {
			isa = PBXProject;
			attributes = {
				LastSwiftUpdateCheck = 1220;
				LastUpgradeCheck = 1220;
				TargetAttributes = {
					C2B9A32925BB44800034DEAB = {
						CreatedOnToolsVersion = 12.2;
					};
					C2B9A33A25BB44810034DEAB = {
						CreatedOnToolsVersion = 12.2;
						TestTargetID = C2B9A32925BB44800034DEAB;
					};
					C2B9A34525BB44810034DEAB = {
						CreatedOnToolsVersion = 12.2;
						TestTargetID = C2B9A32925BB44800034DEAB;
					};
				};
			};
			buildConfigurationList = C2B9A32525BB44800034DEAB /* Build configuration list for PBXProject "myApp" */;
			compatibilityVersion = "Xcode 9.3";
			developmentRegion = en;
			hasScannedForEncodings = 0;
			knownRegions = (
				en,
				Base,
			);
			mainGroup = C2B9A32125BB44800034DEAB;
			productRefGroup = C2B9A32B25BB44800034DEAB /* Products */;
			projectDirPath = "";
			projectRoot = "";
			targets = (
				C2B9A32925BB44800034DEAB /* myApp */,
				C2B9A33A25BB44810034DEAB /* myAppTests */,
				C2B9A34525BB44810034DEAB /* myAppUITests */,
			);
		};
/* End PBXProject section */

/* Begin PBXResourcesBuildPhase section */
		C2B9A32825BB44800034DEAB /* Resources */ = {
			isa = PBXResourcesBuildPhase;
			buildActionMask = 2147483647;
			files = (
				C2B9A33525BB44810034DEAB /* Preview Assets.xcassets in Resources */,
				C2B9A33225BB44810034DEAB /* Assets.xcassets in Resources */,
			);
			runOnlyForDeploymentPostprocessing = 0;
		};
		C2B9A33925BB44810034DEAB /* Resources */ = {
			isa = PBXResourcesBuildPhase;
			buildActionMask = 2147483647;
			files = (
			);
			runOnlyForDeploymentPostprocessing = 0;
		};
		C2B9A34425BB44810034DEAB /* Resources */ = {
			isa = PBXResourcesBuildPhase;
			buildActionMask = 2147483647;
			files = (
			);
			runOnlyForDeploymentPostprocessing = 0;
		};
/* End PBXResourcesBuildPhase section */

/* Begin PBXSourcesBuildPhase section */
		C2B9A32625BB44800034DEAB /* Sources */ = {
			isa = PBXSourcesBuildPhase;
			buildActionMask = 2147483647;
			files = (
				C2B9A33025BB44800034DEAB /* ContentView.swift in Sources */,
				C2B9A32E25BB44800034DEAB /* myAppApp.swift in Sources */,
			);
			runOnlyForDeploymentPostprocessing = 0;
		};
		C2B9A33725BB44810034DEAB /* Sources */ = {
			isa = PBXSourcesBuildPhase;
			buildActionMask = 2147483647;
			files = (
				C2B9A34025BB44810034DEAB /* myAppTests.swift in Sources */,
			);
			runOnlyForDeploymentPostprocessing = 0;
		};
		C2B9A34225BB44810034DEAB /* Sources */ = {
			isa = PBXSourcesBuildPhase;
			buildActionMask = 2147483647;
			files = (
				C2B9A34B25BB44810034DEAB /* myAppUITests.swift in Sources */,
			);
			runOnlyForDeploymentPostprocessing = 0;
		};
/* End PBXSourcesBuildPhase section */

/* Begin PBXTargetDependency section */
		C2B9A33D25BB44810034DEAB /* PBXTargetDependency */ = {
			isa = PBXTargetDependency;
			target = C2B9A32925BB44800034DEAB /* myApp */;
			targetProxy = C2B9A33C25BB44810034DEAB /* PBXContainerItemProxy */;
		};
		C2B9A34825BB44810034DEAB /* PBXTargetDependency */ = {
			isa = PBXTargetDependency;
			target = C2B9A32925BB44800034DEAB /* myApp */;
			targetProxy = C2B9A34725BB44810034DEAB /* PBXContainerItemProxy */;
		};
/* End PBXTargetDependency section */

/* Begin XCBuildConfiguration section */
		C2B9A34D25BB44810034DEAB /* Debug */ = {
			isa = XCBuildConfiguration;
			buildSettings = {
				ALWAYS_SEARCH_USER_PATHS = NO;
				CLANG_ANALYZER_NONNULL = YES;
				CLANG_ANALYZER_NUMBER_OBJECT_CONVERSION = YES_AGGRESSIVE;
				CLANG_CXX_LANGUAGE_STANDARD = "gnu++14";
				CLANG_CXX_LIBRARY = "libc++";
				CLANG_ENABLE_MODULES = YES;
				CLANG_ENABLE_OBJC_ARC = YES;
				CLANG_ENABLE_OBJC_WEAK = YES;
				CLANG_WARN_BLOCK_CAPTURE_AUTORELEASING = YES;
				CLANG_WARN_BOOL_CONVERSION = YES;
				CLANG_WARN_COMMA = YES;
				CLANG_WARN_CONSTANT_CONVERSION = YES;
				CLANG_WARN_DEPRECATED_OBJC_IMPLEMENTATIONS = YES;
				CLANG_WARN_DIRECT_OBJC_ISA_USAGE = YES_ERROR;
				CLANG_WARN_DOCUMENTATION_COMMENTS = YES;
				CLANG_WARN_EMPTY_BODY = YES;
				CLANG_WARN_ENUM_CONVERSION = YES;
				CLANG_WARN_INFINITE_RECURSION = YES;
				CLANG_WARN_INT_CONVERSION = YES;
				CLANG_WARN_NON_LITERAL_NULL_CONVERSION = YES;
				CLANG_WARN_OBJC_IMPLICIT_RETAIN_SELF = YES;
				CLANG_WARN_OBJC_LITERAL_CONVERSION = YES;
				CLANG_WARN_OBJC_ROOT_CLASS = YES_ERROR;
				CLANG_WARN_QUOTED_INCLUDE_IN_FRAMEWORK_HEADER = YES;
				CLANG_WARN_RANGE_LOOP_ANALYSIS = YES;
				CLANG_WARN_STRICT_PROTOTYPES = YES;
				CLANG_WARN_SUSPICIOUS_MOVE = YES;
				CLANG_WARN_UNGUARDED_AVAILABILITY = YES_AGGRESSIVE;
				CLANG_WARN_UNREACHABLE_CODE = YES;
				CLANG_WARN__DUPLICATE_METHOD_MATCH = YES;
				COPY_PHASE_STRIP = NO;
				DEBUG_INFORMATION_FORMAT = dwarf;
				ENABLE_STRICT_OBJC_MSGSEND = YES;
				ENABLE_TESTABILITY = YES;
				GCC_C_LANGUAGE_STANDARD = gnu11;
				GCC_DYNAMIC_NO_PIC = NO;
				GCC_NO_COMMON_BLOCKS = YES;
				GCC_OPTIMIZATION_LEVEL = 0;
				GCC_PREPROCESSOR_DEFINITIONS = (
					"DEBUG=1",
					"$(inherited)",
				);
				GCC_WARN_64_TO_32_BIT_CONVERSION = YES;
				GCC_WARN_ABOUT_RETURN_TYPE = YES_ERROR;
				GCC_WARN_UNDECLARED_SELECTOR = YES;
				GCC_WARN_UNINITIALIZED_AUTOS = YES_AGGRESSIVE;
				GCC_WARN_UNUSED_FUNCTION = YES;
				GCC_WARN_UNUSED_VARIABLE = YES;
				IPHONEOS_DEPLOYMENT_TARGET = 14.2;
				MTL_ENABLE_DEBUG_INFO = INCLUDE_SOURCE;
				MTL_FAST_MATH = YES;
				ONLY_ACTIVE_ARCH = YES;
				SDKROOT = iphoneos;
				SWIFT_ACTIVE_COMPILATION_CONDITIONS = DEBUG;
				SWIFT_OPTIMIZATION_LEVEL = "-Onone";
			};
			name = Debug;
		};
		C2B9A34E25BB44810034DEAB /* Release */ = {
			isa = XCBuildConfiguration;
			buildSettings = {
				ALWAYS_SEARCH_USER_PATHS = NO;
				CLANG_ANALYZER_NONNULL = YES;
				CLANG_ANALYZER_NUMBER_OBJECT_CONVERSION = YES_AGGRESSIVE;
				CLANG_CXX_LANGUAGE_STANDARD = "gnu++14";
				CLANG_CXX_LIBRARY = "libc++";
				CLANG_ENABLE_MODULES = YES;
				CLANG_ENABLE_OBJC_ARC = YES;
				CLANG_ENABLE_OBJC_WEAK = YES;
				CLANG_WARN_BLOCK_CAPTURE_AUTORELEASING = YES;
				CLANG_WARN_BOOL_CONVERSION = YES;
				CLANG_WARN_COMMA = YES;
				CLANG_WARN_CONSTANT_CONVERSION = YES;
				CLANG_WARN_DEPRECATED_OBJC_IMPLEMENTATIONS = YES;
				CLANG_WARN_DIRECT_OBJC_ISA_USAGE = YES_ERROR;
				CLANG_WARN_DOCUMENTATION_COMMENTS = YES;
				CLANG_WARN_EMPTY_BODY = YES;
				CLANG_WARN_ENUM_CONVERSION = YES;
				CLANG_WARN_INFINITE_RECURSION = YES;
				CLANG_WARN_INT_CONVERSION = YES;
				CLANG_WARN_NON_LITERAL_NULL_CONVERSION = YES;
				CLANG_WARN_OBJC_IMPLICIT_RETAIN_SELF = YES;
				CLANG_WARN_OBJC_LITERAL_CONVERSION = YES;
				CLANG_WARN_OBJC_ROOT_CLASS = YES_ERROR;
				CLANG_WARN_QUOTED_INCLUDE_IN_FRAMEWORK_HEADER = YES;
				CLANG_WARN_RANGE_LOOP_ANALYSIS = YES;
				CLANG_WARN_STRICT_PROTOTYPES = YES;
				CLANG_WARN_SUSPICIOUS_MOVE = YES;
				CLANG_WARN_UNGUARDED_AVAILABILITY = YES_AGGRESSIVE;
				CLANG_WARN_UNREACHABLE_CODE = YES;
				CLANG_WARN__DUPLICATE_METHOD_MATCH = YES;
				COPY_PHASE_STRIP = NO;
				DEBUG_INFORMATION_FORMAT = "dwarf-with-dsym";
				ENABLE_NS_ASSERTIONS = NO;
				ENABLE_STRICT_OBJC_MSGSEND = YES;
				GCC_C_LANGUAGE_STANDARD = gnu11;
				GCC_NO_COMMON_BLOCKS = YES;
				GCC_WARN_64_TO_32_BIT_CONVERSION = YES;
				GCC_WARN_ABOUT_RETURN_TYPE = YES_ERROR;
				GCC_WARN_UNDECLARED_SELECTOR = YES;
				GCC_WARN_UNINITIALIZED_AUTOS = YES_AGGRESSIVE;
				GCC_WARN_UNUSED_FUNCTION = YES;
				GCC_WARN_UNUSED_VARIABLE = YES;
				IPHONEOS_DEPLOYMENT_TARGET = 14.2;
				MTL_ENABLE_DEBUG_INFO = NO;
				MTL_FAST_MATH = YES;
				SDKROOT = iphoneos;
				SWIFT_COMPILATION_MODE = wholemodule;
				SWIFT_OPTIMIZATION_LEVEL = "-O";
				VALIDATE_PRODUCT = YES;
			};
			name = Release;
		};
		C2B9A35025BB44810034DEAB /* Debug */ = {
			isa = XCBuildConfiguration;
			buildSettings = {
				ASSETCATALOG_COMPILER_APPICON_NAME = AppIcon;
				ASSETCATALOG_COMPILER_GLOBAL_ACCENT_COLOR_NAME = AccentColor;
				CODE_SIGN_STYLE = Automatic;
				DEVELOPMENT_ASSET_PATHS = "\"myApp/Preview Content\"";
				ENABLE_PREVIEWS = YES;
				INFOPLIST_FILE = myApp/Info.plist;
				IPHONEOS_DEPLOYMENT_TARGET = 14.0;
				LD_RUNPATH_SEARCH_PATHS = (
					"$(inherited)",
					"@executable_path/Frameworks",
				);
				PRODUCT_BUNDLE_IDENTIFIER = myOrganization.myApp;
				PRODUCT_NAME = "$(TARGET_NAME)";
				SWIFT_VERSION = 5.0;
				TARGETED_DEVICE_FAMILY = "1,2";
			};
			name = Debug;
		};
		C2B9A35125BB44810034DEAB /* Release */ = {
			isa = XCBuildConfiguration;
			buildSettings = {
				ASSETCATALOG_COMPILER_APPICON_NAME = AppIcon;
				ASSETCATALOG_COMPILER_GLOBAL_ACCENT_COLOR_NAME = AccentColor;
				CODE_SIGN_STYLE = Automatic;
				DEVELOPMENT_ASSET_PATHS = "\"myApp/Preview Content\"";
				ENABLE_PREVIEWS = YES;
				INFOPLIST_FILE = myApp/Info.plist;
				IPHONEOS_DEPLOYMENT_TARGET = 14.0;
				LD_RUNPATH_SEARCH_PATHS = (
					"$(inherited)",
					"@executable_path/Frameworks",
				);
				PRODUCT_BUNDLE_IDENTIFIER = myOrganization.myApp;
				PRODUCT_NAME = "$(TARGET_NAME)";
				SWIFT_VERSION = 5.0;
				TARGETED_DEVICE_FAMILY = "1,2";
			};
			name = Release;
		};
		C2B9A35325BB44810034DEAB /* Debug */ = {
			isa = XCBuildConfiguration;
			buildSettings = {
				ALWAYS_EMBED_SWIFT_STANDARD_LIBRARIES = YES;
				BUNDLE_LOADER = "$(TEST_HOST)";
				CODE_SIGN_STYLE = Automatic;
				INFOPLIST_FILE = myAppTests/Info.plist;
				IPHONEOS_DEPLOYMENT_TARGET = 14.0;
				LD_RUNPATH_SEARCH_PATHS = (
					"$(inherited)",
					"@executable_path/Frameworks",
					"@loader_path/Frameworks",
				);
				PRODUCT_BUNDLE_IDENTIFIER = myOrganization.myAppTests;
				PRODUCT_NAME = "$(TARGET_NAME)";
				SWIFT_VERSION = 5.0;
				TARGETED_DEVICE_FAMILY = "1,2";
				TEST_HOST = "$(BUILT_PRODUCTS_DIR)/myApp.app/myApp";
			};
			name = Debug;
		};
		C2B9A35425BB44810034DEAB /* Release */ = {
			isa = XCBuildConfiguration;
			buildSettings = {
				ALWAYS_EMBED_SWIFT_STANDARD_LIBRARIES = YES;
				BUNDLE_LOADER = "$(TEST_HOST)";
				CODE_SIGN_STYLE = Automatic;
				INFOPLIST_FILE = myAppTests/Info.plist;
				IPHONEOS_DEPLOYMENT_TARGET = 14.0;
				LD_RUNPATH_SEARCH_PATHS = (
					"$(inherited)",
					"@executable_path/Frameworks",
					"@loader_path/Frameworks",
				);
				PRODUCT_BUNDLE_IDENTIFIER = myOrganization.myAppTests;
				PRODUCT_NAME = "$(TARGET_NAME)";
				SWIFT_VERSION = 5.0;
				TARGETED_DEVICE_FAMILY = "1,2";
				TEST_HOST = "$(BUILT_PRODUCTS_DIR)/myApp.app/myApp";
			};
			name = Release;
		};
		C2B9A35625BB44810034DEAB /* Debug */ = {
			isa = XCBuildConfiguration;
			buildSettings = {
				ALWAYS_EMBED_SWIFT_STANDARD_LIBRARIES = YES;
				CODE_SIGN_STYLE = Automatic;
				INFOPLIST_FILE = myAppUITests/Info.plist;
				LD_RUNPATH_SEARCH_PATHS = (
					"$(inherited)",
					"@executable_path/Frameworks",
					"@loader_path/Frameworks",
				);
				PRODUCT_BUNDLE_IDENTIFIER = myOrganization.myAppUITests;
				PRODUCT_NAME = "$(TARGET_NAME)";
				SWIFT_VERSION = 5.0;
				TARGETED_DEVICE_FAMILY = "1,2";
				TEST_TARGET_NAME = myApp;
			};
			name = Debug;
		};
		C2B9A35725BB44810034DEAB /* Release */ = {
			isa = XCBuildConfiguration;
			buildSettings = {
				ALWAYS_EMBED_SWIFT_STANDARD_LIBRARIES = YES;
				CODE_SIGN_STYLE = Automatic;
				INFOPLIST_FILE = myAppUITests/Info.plist;
				LD_RUNPATH_SEARCH_PATHS = (
					"$(inherited)",
					"@executable_path/Frameworks",
					"@loader_path/Frameworks",
				);
				PRODUCT_BUNDLE_IDENTIFIER = myOrganization.myAppUITests;
				PRODUCT_NAME = "$(TARGET_NAME)";
				SWIFT_VERSION = 5.0;
				TARGETED_DEVICE_FAMILY = "1,2";
				TEST_TARGET_NAME = myApp;
			};
			name = Release;
		};
/* End XCBuildConfiguration section */

/* Begin XCConfigurationList section */
		C2B9A32525BB44800034DEAB /* Build configuration list for PBXProject "myApp" */ = {
			isa = XCConfigurationList;
			buildConfigurations = (
				C2B9A34D25BB44810034DEAB /* Debug */,
				C2B9A34E25BB44810034DEAB /* Release */,
			);
			defaultConfigurationIsVisible = 0;
			defaultConfigurationName = Release;
		};
		C2B9A34F25BB44810034DEAB /* Build configuration list for PBXNativeTarget "myApp" */ = {
			isa = XCConfigurationList;
			buildConfigurations = (
				C2B9A35025BB44810034DEAB /* Debug */,
				C2B9A35125BB44810034DEAB /* Release */,
			);
			defaultConfigurationIsVisible = 0;
			defaultConfigurationName = Release;
		};
		C2B9A35225BB44810034DEAB /* Build configuration list for PBXNativeTarget "myAppTests" */ = {
			isa = XCConfigurationList;
			buildConfigurations = (
				C2B9A35325BB44810034DEAB /* Debug */,
				C2B9A35425BB44810034DEAB /* Release */,
			);
			defaultConfigurationIsVisible = 0;
			defaultConfigurationName = Release;
		};
		C2B9A35525BB44810034DEAB /* Build configuration list for PBXNativeTarget "myAppUITests" */ = {
			isa = XCConfigurationList;
			buildConfigurations = (
				C2B9A35625BB44810034DEAB /* Debug */,
				C2B9A35725BB44810034DEAB /* Release */,
			);
			defaultConfigurationIsVisible = 0;
			defaultConfigurationName = Release;
		};
/* End XCConfigurationList section */
	};
	rootObject = C2B9A32225BB44800034DEAB /* Project object */;
}
